
Microsoft Visual Studio Solution File, Format Version 12.00
# Visual Studio 15
VisualStudioVersion = 15.0.27004.2010
MinimumVisualStudioVersion = 10.0.40219.1
Project("{FAE04EC0-301F-11D3-BF4B-00C04F79EFBC}") = "Toolbox.UnitTests", "Toolbox.UnitTests\Toolbox.UnitTests.csproj", "{C4107FF6-C1F5-4F26-8C5F-04BE5639DBC3}"
EndProject
Project("{FAE04EC0-301F-11D3-BF4B-00C04F79EFBC}") = "Toolbox", "Toolbox\Toolbox.csproj", "{9D01B9B2-F5D4-4021-B39E-9362B37235FF}"
EndProject
Global
	GlobalSection(SolutionConfigurationPlatforms) = preSolution
		Debug|Any CPU = Debug|Any CPU
		Release|Any CPU = Release|Any CPU
	EndGlobalSection
	GlobalSection(ProjectConfigurationPlatforms) = postSolution
		{C4107FF6-C1F5-4F26-8C5F-04BE5639DBC3}.Debug|Any CPU.ActiveCfg = Debug|Any CPU
		{C4107FF6-C1F5-4F26-8C5F-04BE5639DBC3}.Debug|Any CPU.Build.0 = Debug|Any CPU
		{C4107FF6-C1F5-4F26-8C5F-04BE5639DBC3}.Release|Any CPU.ActiveCfg = Release|Any CPU
		{C4107FF6-C1F5-4F26-8C5F-04BE5639DBC3}.Release|Any CPU.Build.0 = Release|Any CPU
		{9D01B9B2-F5D4-4021-B39E-9362B37235FF}.Debug|Any CPU.ActiveCfg = Debug|Any CPU
		{9D01B9B2-F5D4-4021-B39E-9362B37235FF}.Debug|Any CPU.Build.0 = Debug|Any CPU
		{9D01B9B2-F5D4-4021-B39E-9362B37235FF}.Release|Any CPU.ActiveCfg = Release|Any CPU
		{9D01B9B2-F5D4-4021-B39E-9362B37235FF}.Release|Any CPU.Build.0 = Release|Any CPU
	EndGlobalSection
	GlobalSection(SolutionProperties) = preSolution
		HideSolutionNode = FALSE
	EndGlobalSection
	GlobalSection(ExtensibilityGlobals) = postSolution
		SolutionGuid = {47B78C9D-2C42-43D2-B8F5-52EBA987BEFF}
	EndGlobalSection
EndGlobal
