
Microsoft Visual Studio Solution File, Format Version 12.00
# Visual Studio Version 17
VisualStudioVersion = 17.0.31612.314
MinimumVisualStudioVersion = 10.0.40219.1
Project("{9A19103F-16F7-4668-BE54-9A1E7A4F7556}") = "Toolbox.netstandard", "Toolbox.netstandard\Toolbox.netstandard.csproj", "{D3D6C991-00FF-48E4-8807-E25C6D9850E0}"
EndProject
Project("{9A19103F-16F7-4668-BE54-9A1E7A4F7556}") = "Toolbox.netstandard.UnitTests", "Toolbox.netstandard.UnitTests\Toolbox.netstandard.UnitTests.csproj", "{5E6C601C-84BB-427A-9B65-81CF9DDD9179}"
EndProject
Project("{FAE04EC0-301F-11D3-BF4B-00C04F79EFBC}") = "Toolbox", "Toolbox\Toolbox.csproj", "{E5E7B81B-E175-461D-8B05-1843689B434B}"
EndProject
Project("{FAE04EC0-301F-11D3-BF4B-00C04F79EFBC}") = "Toolbox.Tests", "Toolbox.Tests\Toolbox.Tests.csproj", "{EC210969-0B7A-43D1-A8B1-B43DF62764A1}"
EndProject
Global
	GlobalSection(SolutionConfigurationPlatforms) = preSolution
		Debug|Any CPU = Debug|Any CPU
		Release|Any CPU = Release|Any CPU
	EndGlobalSection
	GlobalSection(ProjectConfigurationPlatforms) = postSolution
		{D3D6C991-00FF-48E4-8807-E25C6D9850E0}.Debug|Any CPU.ActiveCfg = Debug|Any CPU
		{D3D6C991-00FF-48E4-8807-E25C6D9850E0}.Debug|Any CPU.Build.0 = Debug|Any CPU
		{D3D6C991-00FF-48E4-8807-E25C6D9850E0}.Release|Any CPU.ActiveCfg = Release|Any CPU
		{D3D6C991-00FF-48E4-8807-E25C6D9850E0}.Release|Any CPU.Build.0 = Release|Any CPU
		{5E6C601C-84BB-427A-9B65-81CF9DDD9179}.Debug|Any CPU.ActiveCfg = Debug|Any CPU
		{5E6C601C-84BB-427A-9B65-81CF9DDD9179}.Debug|Any CPU.Build.0 = Debug|Any CPU
		{5E6C601C-84BB-427A-9B65-81CF9DDD9179}.Release|Any CPU.ActiveCfg = Release|Any CPU
		{5E6C601C-84BB-427A-9B65-81CF9DDD9179}.Release|Any CPU.Build.0 = Release|Any CPU
		{E5E7B81B-E175-461D-8B05-1843689B434B}.Debug|Any CPU.ActiveCfg = Debug|Any CPU
		{E5E7B81B-E175-461D-8B05-1843689B434B}.Debug|Any CPU.Build.0 = Debug|Any CPU
		{E5E7B81B-E175-461D-8B05-1843689B434B}.Release|Any CPU.ActiveCfg = Release|Any CPU
		{E5E7B81B-E175-461D-8B05-1843689B434B}.Release|Any CPU.Build.0 = Release|Any CPU
		{EC210969-0B7A-43D1-A8B1-B43DF62764A1}.Debug|Any CPU.ActiveCfg = Debug|Any CPU
		{EC210969-0B7A-43D1-A8B1-B43DF62764A1}.Debug|Any CPU.Build.0 = Debug|Any CPU
		{EC210969-0B7A-43D1-A8B1-B43DF62764A1}.Release|Any CPU.ActiveCfg = Release|Any CPU
		{EC210969-0B7A-43D1-A8B1-B43DF62764A1}.Release|Any CPU.Build.0 = Release|Any CPU
	EndGlobalSection
	GlobalSection(SolutionProperties) = preSolution
		HideSolutionNode = FALSE
	EndGlobalSection
	GlobalSection(ExtensibilityGlobals) = postSolution
		SolutionGuid = {47B78C9D-2C42-43D2-B8F5-52EBA987BEFF}
	EndGlobalSection
EndGlobal
